// !$*UTF8*$!
{
	archiveVersion = 1;
	classes = {
	};
	objectVersion = 46;
	objects = {

/* Begin PBXBuildFile section */
		2ABC48F1F202FE3000072831 /* Cocoa.framework in Frameworks */ = {isa = PBXBuildFile; fileRef = A5CA56B54F97C5F1F1A9C7A9 /* Cocoa.framework */; };
		31495EF1E7F96599867AE949 /* Pods_App_tvos.framework in Frameworks */ = {isa = PBXBuildFile; fileRef = 262BFE361D1553E3BFD9487E /* Pods_App_tvos.framework */; };
		42B511B36540587DF12C44E6 /* main.m in Sources */ = {isa = PBXBuildFile; fileRef = 2D55B1388CD808215D604310 /* main.m */; };
		67CBF0E0FB1C38C2778E83A8 /* main.m in Sources */ = {isa = PBXBuildFile; fileRef = 063F4BC1136183973AFD97F3 /* main.m */; };
		6F4A2800B8C0596EFCFACA54 /* Foundation.framework in Frameworks */ = {isa = PBXBuildFile; fileRef = 60495B30FB91EBAE80F3A715 /* Foundation.framework */; };
		7E5CA312A1CE76D5CF3A0757 /* main.m in Sources */ = {isa = PBXBuildFile; fileRef = EBBCE8B97A419A67984CACC2 /* main.m */; };
		A6D0C760058B6A2A5F7CA625 /* Pods_App_osx.framework in Frameworks */ = {isa = PBXBuildFile; fileRef = E9A6D2A207BF33A7E9FD2028 /* Pods_App_osx.framework */; };
		A7062CB185BB32F81C07784E /* Foundation.framework in Frameworks */ = {isa = PBXBuildFile; fileRef = 61AE4DFCCCE41EC292CC51A5 /* Foundation.framework */; };
		BFE66667F81C84CB3A577AE2 /* Pods_App_ios.framework in Frameworks */ = {isa = PBXBuildFile; fileRef = BA47C56281B67DC8F581F258 /* Pods_App_ios.framework */; };
		F2AE17F4557342244885ED4B /* Pods_App_watchos.framework in Frameworks */ = {isa = PBXBuildFile; fileRef = 537510D32906A6B1E8841616 /* Pods_App_watchos.framework */; };
		F4765959EA629D2D02127BF2 /* Foundation.framework in Frameworks */ = {isa = PBXBuildFile; fileRef = 46F5687C4E939C5587C95EB3 /* Foundation.framework */; };
		F96701DD2F20FC406FB7E5B8 /* main.m in Sources */ = {isa = PBXBuildFile; fileRef = 396C45F58BB3B53F0ECC7829 /* main.m */; };
/* End PBXBuildFile section */

/* Begin PBXFileReference section */
		063F4BC1136183973AFD97F3 /* main.m */ = {isa = PBXFileReference; includeInIndex = 1; lastKnownFileType = sourcecode.c.objc; path = main.m; sourceTree = "<group>"; };
		2545513CACC80E68F44D3885 /* App-ios.app */ = {isa = PBXFileReference; explicitFileType = wrapper.application; includeInIndex = 0; path = "App-ios.app"; sourceTree = BUILT_PRODUCTS_DIR; };
		262BFE361D1553E3BFD9487E /* Pods_App_tvos.framework */ = {isa = PBXFileReference; explicitFileType = wrapper.framework; includeInIndex = 0; path = Pods_App_tvos.framework; sourceTree = BUILT_PRODUCTS_DIR; };
		2D55B1388CD808215D604310 /* main.m */ = {isa = PBXFileReference; includeInIndex = 1; lastKnownFileType = sourcecode.c.objc; path = main.m; sourceTree = "<group>"; };
		396C45F58BB3B53F0ECC7829 /* main.m */ = {isa = PBXFileReference; includeInIndex = 1; lastKnownFileType = sourcecode.c.objc; path = main.m; sourceTree = "<group>"; };
		3F382A7E44464E76EF421F67 /* Pods-App-tvos.debug.xcconfig */ = {isa = PBXFileReference; includeInIndex = 1; lastKnownFileType = text.xcconfig; name = "Pods-App-tvos.debug.xcconfig"; path = "Target Support Files/Pods-App-tvos/Pods-App-tvos.debug.xcconfig"; sourceTree = "<group>"; };
		46F5687C4E939C5587C95EB3 /* Foundation.framework */ = {isa = PBXFileReference; lastKnownFileType = wrapper.framework; name = Foundation.framework; path = Platforms/AppleTVOS.platform/Developer/SDKs/AppleTVOS14.0.sdk/System/Library/Frameworks/Foundation.framework; sourceTree = DEVELOPER_DIR; };
		537510D32906A6B1E8841616 /* Pods_App_watchos.framework */ = {isa = PBXFileReference; explicitFileType = wrapper.framework; includeInIndex = 0; path = Pods_App_watchos.framework; sourceTree = BUILT_PRODUCTS_DIR; };
		54DC0AE7928FF5823A7BF408 /* Pods-App-osx.debug.xcconfig */ = {isa = PBXFileReference; includeInIndex = 1; lastKnownFileType = text.xcconfig; name = "Pods-App-osx.debug.xcconfig"; path = "Target Support Files/Pods-App-osx/Pods-App-osx.debug.xcconfig"; sourceTree = "<group>"; };
		59DB9DC61B5CF81BF6A8DC56 /* App-tvos.app */ = {isa = PBXFileReference; explicitFileType = wrapper.application; includeInIndex = 0; path = "App-tvos.app"; sourceTree = BUILT_PRODUCTS_DIR; };
		5A3AC72E4B362B6D28505D99 /* App-osx.app */ = {isa = PBXFileReference; explicitFileType = wrapper.application; includeInIndex = 0; path = "App-osx.app"; sourceTree = BUILT_PRODUCTS_DIR; };
		60495B30FB91EBAE80F3A715 /* Foundation.framework */ = {isa = PBXFileReference; lastKnownFileType = wrapper.framework; name = Foundation.framework; path = Platforms/WatchOS.platform/Developer/SDKs/WatchOS7.0.sdk/System/Library/Frameworks/Foundation.framework; sourceTree = DEVELOPER_DIR; };
		61AE4DFCCCE41EC292CC51A5 /* Foundation.framework */ = {isa = PBXFileReference; lastKnownFileType = wrapper.framework; name = Foundation.framework; path = Platforms/iPhoneOS.platform/Developer/SDKs/iPhoneOS14.0.sdk/System/Library/Frameworks/Foundation.framework; sourceTree = DEVELOPER_DIR; };
		74D627D2D4DD0E9C5F1572F6 /* Pods-App-watchos.release.xcconfig */ = {isa = PBXFileReference; includeInIndex = 1; lastKnownFileType = text.xcconfig; name = "Pods-App-watchos.release.xcconfig"; path = "Target Support Files/Pods-App-watchos/Pods-App-watchos.release.xcconfig"; sourceTree = "<group>"; };
		91893234128C8767942CC77A /* Pods-App-ios.debug.xcconfig */ = {isa = PBXFileReference; includeInIndex = 1; lastKnownFileType = text.xcconfig; name = "Pods-App-ios.debug.xcconfig"; path = "Target Support Files/Pods-App-ios/Pods-App-ios.debug.xcconfig"; sourceTree = "<group>"; };
		A5CA56B54F97C5F1F1A9C7A9 /* Cocoa.framework */ = {isa = PBXFileReference; lastKnownFileType = wrapper.framework; name = Cocoa.framework; path = Platforms/MacOSX.platform/Developer/SDKs/MacOSX10.15.sdk/System/Library/Frameworks/Cocoa.framework; sourceTree = DEVELOPER_DIR; };
		AB037A08253D283788ECAE14 /* Pods-App-tvos.release.xcconfig */ = {isa = PBXFileReference; includeInIndex = 1; lastKnownFileType = text.xcconfig; name = "Pods-App-tvos.release.xcconfig"; path = "Target Support Files/Pods-App-tvos/Pods-App-tvos.release.xcconfig"; sourceTree = "<group>"; };
		B67F61B72C575FF2B2201E38 /* Pods-App-ios.release.xcconfig */ = {isa = PBXFileReference; includeInIndex = 1; lastKnownFileType = text.xcconfig; name = "Pods-App-ios.release.xcconfig"; path = "Target Support Files/Pods-App-ios/Pods-App-ios.release.xcconfig"; sourceTree = "<group>"; };
		B7354F30AAD52B3B6CB84595 /* Pods-App-osx.release.xcconfig */ = {isa = PBXFileReference; includeInIndex = 1; lastKnownFileType = text.xcconfig; name = "Pods-App-osx.release.xcconfig"; path = "Target Support Files/Pods-App-osx/Pods-App-osx.release.xcconfig"; sourceTree = "<group>"; };
		BA47C56281B67DC8F581F258 /* Pods_App_ios.framework */ = {isa = PBXFileReference; explicitFileType = wrapper.framework; includeInIndex = 0; path = Pods_App_ios.framework; sourceTree = BUILT_PRODUCTS_DIR; };
		D2323D68957255C671880536 /* Pods-App-watchos.debug.xcconfig */ = {isa = PBXFileReference; includeInIndex = 1; lastKnownFileType = text.xcconfig; name = "Pods-App-watchos.debug.xcconfig"; path = "Target Support Files/Pods-App-watchos/Pods-App-watchos.debug.xcconfig"; sourceTree = "<group>"; };
		D278378FE33852F92BDEB6B4 /* App-watchos.app */ = {isa = PBXFileReference; explicitFileType = wrapper.application; includeInIndex = 0; path = "App-watchos.app"; sourceTree = BUILT_PRODUCTS_DIR; };
		E9A6D2A207BF33A7E9FD2028 /* Pods_App_osx.framework */ = {isa = PBXFileReference; explicitFileType = wrapper.framework; includeInIndex = 0; path = Pods_App_osx.framework; sourceTree = BUILT_PRODUCTS_DIR; };
		EBBCE8B97A419A67984CACC2 /* main.m */ = {isa = PBXFileReference; includeInIndex = 1; lastKnownFileType = sourcecode.c.objc; path = main.m; sourceTree = "<group>"; };
/* End PBXFileReference section */

/* Begin PBXFrameworksBuildPhase section */
		18A180101EEFD8A00048592A /* Frameworks */ = {
			isa = PBXFrameworksBuildPhase;
			buildActionMask = 2147483647;
			files = (
				2ABC48F1F202FE3000072831 /* Cocoa.framework in Frameworks */,
				A6D0C760058B6A2A5F7CA625 /* Pods_App_osx.framework in Frameworks */,
			);
			runOnlyForDeploymentPostprocessing = 0;
		};
		4C39B9C74F6BB4291B856FB8 /* Frameworks */ = {
			isa = PBXFrameworksBuildPhase;
			buildActionMask = 2147483647;
			files = (
				6F4A2800B8C0596EFCFACA54 /* Foundation.framework in Frameworks */,
				F2AE17F4557342244885ED4B /* Pods_App_watchos.framework in Frameworks */,
			);
			runOnlyForDeploymentPostprocessing = 0;
		};
		8E83449B92DB84BB086DFFD8 /* Frameworks */ = {
			isa = PBXFrameworksBuildPhase;
			buildActionMask = 2147483647;
			files = (
				F4765959EA629D2D02127BF2 /* Foundation.framework in Frameworks */,
				31495EF1E7F96599867AE949 /* Pods_App_tvos.framework in Frameworks */,
			);
			runOnlyForDeploymentPostprocessing = 0;
		};
		B34CD3EEE95818101D24D67A /* Frameworks */ = {
			isa = PBXFrameworksBuildPhase;
			buildActionMask = 2147483647;
			files = (
				A7062CB185BB32F81C07784E /* Foundation.framework in Frameworks */,
				BFE66667F81C84CB3A577AE2 /* Pods_App_ios.framework in Frameworks */,
			);
			runOnlyForDeploymentPostprocessing = 0;
		};
/* End PBXFrameworksBuildPhase section */

/* Begin PBXGroup section */
		09515B5E72A05C5A59C7D9C2 /* watchOS */ = {
			isa = PBXGroup;
			children = (
				60495B30FB91EBAE80F3A715 /* Foundation.framework */,
			);
			name = watchOS;
			sourceTree = "<group>";
		};
		246371D37750B7C71EFCB4E9 /* App-watchos */ = {
			isa = PBXGroup;
			children = (
				396C45F58BB3B53F0ECC7829 /* main.m */,
			);
			name = "App-watchos";
			path = "App-watchos";
			sourceTree = "<group>";
		};
		64FDEB5B1DBA48602CD6521D /* App-tvos */ = {
			isa = PBXGroup;
			children = (
				EBBCE8B97A419A67984CACC2 /* main.m */,
			);
			name = "App-tvos";
			path = "App-tvos";
			sourceTree = "<group>";
		};
		864A8D7EFF4EE86CF8B46040 /* tvOS */ = {
			isa = PBXGroup;
			children = (
				46F5687C4E939C5587C95EB3 /* Foundation.framework */,
			);
			name = tvOS;
			sourceTree = "<group>";
		};
		8A14F568359F6BE73A0DAF92 /* Products */ = {
			isa = PBXGroup;
			children = (
				2545513CACC80E68F44D3885 /* App-ios.app */,
				5A3AC72E4B362B6D28505D99 /* App-osx.app */,
				D278378FE33852F92BDEB6B4 /* App-watchos.app */,
				59DB9DC61B5CF81BF6A8DC56 /* App-tvos.app */,
			);
			name = Products;
			sourceTree = "<group>";
		};
		8E5379F1A04F165D3D8393DF /* Frameworks */ = {
			isa = PBXGroup;
			children = (
				C3EC7348907FE5B45218E156 /* iOS */,
				AF697074CA9E2F7679832BA5 /* OS X */,
				09515B5E72A05C5A59C7D9C2 /* watchOS */,
				864A8D7EFF4EE86CF8B46040 /* tvOS */,
				BA47C56281B67DC8F581F258 /* Pods_App_ios.framework */,
				E9A6D2A207BF33A7E9FD2028 /* Pods_App_osx.framework */,
				262BFE361D1553E3BFD9487E /* Pods_App_tvos.framework */,
				537510D32906A6B1E8841616 /* Pods_App_watchos.framework */,
			);
			name = Frameworks;
			sourceTree = "<group>";
		};
		AF697074CA9E2F7679832BA5 /* OS X */ = {
			isa = PBXGroup;
			children = (
				A5CA56B54F97C5F1F1A9C7A9 /* Cocoa.framework */,
			);
			name = "OS X";
			sourceTree = "<group>";
		};
		C1F9658840C9AAD1528A32AA /* Pods */ = {
			isa = PBXGroup;
			children = (
				B67F61B72C575FF2B2201E38 /* Pods-App-ios.release.xcconfig */,
				91893234128C8767942CC77A /* Pods-App-ios.debug.xcconfig */,
				B7354F30AAD52B3B6CB84595 /* Pods-App-osx.release.xcconfig */,
				54DC0AE7928FF5823A7BF408 /* Pods-App-osx.debug.xcconfig */,
				AB037A08253D283788ECAE14 /* Pods-App-tvos.release.xcconfig */,
				3F382A7E44464E76EF421F67 /* Pods-App-tvos.debug.xcconfig */,
				74D627D2D4DD0E9C5F1572F6 /* Pods-App-watchos.release.xcconfig */,
				D2323D68957255C671880536 /* Pods-App-watchos.debug.xcconfig */,
			);
			name = Pods;
			path = Pods;
			sourceTree = "<group>";
		};
		C3EC7348907FE5B45218E156 /* iOS */ = {
			isa = PBXGroup;
			children = (
				61AE4DFCCCE41EC292CC51A5 /* Foundation.framework */,
			);
			name = iOS;
			sourceTree = "<group>";
		};
		CFB5FE27A39C9BDFD4F7040E /* App-osx */ = {
			isa = PBXGroup;
			children = (
				2D55B1388CD808215D604310 /* main.m */,
			);
			name = "App-osx";
			path = "App-osx";
			sourceTree = "<group>";
		};
		E1F87BAF59B964911437A83C = {
			isa = PBXGroup;
			children = (
				8A14F568359F6BE73A0DAF92 /* Products */,
				8E5379F1A04F165D3D8393DF /* Frameworks */,
				C1F9658840C9AAD1528A32AA /* Pods */,
				E62875844EE785D63D67D501 /* App-ios */,
				CFB5FE27A39C9BDFD4F7040E /* App-osx */,
				246371D37750B7C71EFCB4E9 /* App-watchos */,
				64FDEB5B1DBA48602CD6521D /* App-tvos */,
			);
			sourceTree = "<group>";
		};
		E62875844EE785D63D67D501 /* App-ios */ = {
			isa = PBXGroup;
			children = (
				063F4BC1136183973AFD97F3 /* main.m */,
			);
			name = "App-ios";
			path = "App-ios";
			sourceTree = "<group>";
		};
/* End PBXGroup section */

/* Begin PBXNativeTarget section */
		57EC51893CFDAB5E7AEBF8CF /* App-tvos */ = {
			isa = PBXNativeTarget;
			buildConfigurationList = 52256927117457CB05F3249E /* Build configuration list for PBXNativeTarget "App-tvos" */;
			buildPhases = (
				1308E50E3741EEAAF1A2E4CE /* [CP] Check Pods Manifest.lock */,
				445560125C40725BD769F510 /* Sources */,
				8E83449B92DB84BB086DFFD8 /* Frameworks */,
				1DC135A5EB9277FF1B547BF0 /* Resources */,
				50D34C41A842C71C16367CA4 /* [CP] Embed Pods Frameworks */,
			);
			buildRules = (
			);
			dependencies = (
			);
			name = "App-tvos";
			productName = "App-tvos";
			productReference = 59DB9DC61B5CF81BF6A8DC56 /* App-tvos.app */;
			productType = "com.apple.product-type.application";
		};
		61999B2C453B8D5EEE66BFCC /* App-watchos */ = {
			isa = PBXNativeTarget;
			buildConfigurationList = CB59B54A7CE49C8547171B86 /* Build configuration list for PBXNativeTarget "App-watchos" */;
			buildPhases = (
				EFE360B79559ABB02D7CE138 /* [CP] Check Pods Manifest.lock */,
				0BB50013C56AD22A6A777A9E /* Sources */,
				4C39B9C74F6BB4291B856FB8 /* Frameworks */,
				5E03E00099C98049E64F0C3F /* Resources */,
				B741BD4B8D1827B5881EC2F7 /* [CP] Embed Pods Frameworks */,
			);
			buildRules = (
			);
			dependencies = (
			);
			name = "App-watchos";
			productName = "App-watchos";
			productReference = D278378FE33852F92BDEB6B4 /* App-watchos.app */;
			productType = "com.apple.product-type.application";
		};
		A4A2C835B52224AFFD2627E5 /* App-ios */ = {
			isa = PBXNativeTarget;
			buildConfigurationList = 664EF8E8FC13325E2AF44B2F /* Build configuration list for PBXNativeTarget "App-ios" */;
			buildPhases = (
				6016A20AC91DAA872D73905A /* [CP] Check Pods Manifest.lock */,
				DBE3D6BDAD1119DA08088327 /* Sources */,
				B34CD3EEE95818101D24D67A /* Frameworks */,
				A135140097191425564E8B3C /* Resources */,
				FC1C979C5F0E2FA3769C2358 /* [CP] Embed Pods Frameworks */,
			);
			buildRules = (
			);
			dependencies = (
			);
			name = "App-ios";
			productName = "App-ios";
			productReference = 2545513CACC80E68F44D3885 /* App-ios.app */;
			productType = "com.apple.product-type.application";
		};
		B21C7C3C10B7E2CC92CC31DA /* App-osx */ = {
			isa = PBXNativeTarget;
			buildConfigurationList = CEE15F974D5C0961BD8CDA0A /* Build configuration list for PBXNativeTarget "App-osx" */;
			buildPhases = (
				0E623827627D6612493936FF /* [CP] Check Pods Manifest.lock */,
				277FD968215730FAE359690D /* Sources */,
				18A180101EEFD8A00048592A /* Frameworks */,
				D5295F1A7309B01BF5A69485 /* Resources */,
				F2C2E14602748945FF3D7849 /* [CP] Embed Pods Frameworks */,
			);
			buildRules = (
			);
			dependencies = (
			);
			name = "App-osx";
			productName = "App-osx";
			productReference = 5A3AC72E4B362B6D28505D99 /* App-osx.app */;
			productType = "com.apple.product-type.application";
		};
/* End PBXNativeTarget section */

/* Begin PBXProject section */
		3964FA6E9BD3CE2618E49F0C /* Project object */ = {
			isa = PBXProject;
			attributes = {
				LastSwiftUpdateCheck = 1300;
				LastUpgradeCheck = 1300;
			};
			buildConfigurationList = 20E5422DAC5B19DA2062AF91 /* Build configuration list for PBXProject "App" */;
			compatibilityVersion = "Xcode 3.2";
			developmentRegion = en;
			hasScannedForEncodings = 0;
			knownRegions = (
				en,
				Base,
			);
			mainGroup = E1F87BAF59B964911437A83C;
			productRefGroup = 8A14F568359F6BE73A0DAF92 /* Products */;
			projectDirPath = "";
			projectRoot = "";
			targets = (
				A4A2C835B52224AFFD2627E5 /* App-ios */,
				B21C7C3C10B7E2CC92CC31DA /* App-osx */,
				61999B2C453B8D5EEE66BFCC /* App-watchos */,
				57EC51893CFDAB5E7AEBF8CF /* App-tvos */,
			);
		};
/* End PBXProject section */

/* Begin PBXResourcesBuildPhase section */
		1DC135A5EB9277FF1B547BF0 /* Resources */ = {
			isa = PBXResourcesBuildPhase;
			buildActionMask = 2147483647;
			files = (
			);
			runOnlyForDeploymentPostprocessing = 0;
		};
		5E03E00099C98049E64F0C3F /* Resources */ = {
			isa = PBXResourcesBuildPhase;
			buildActionMask = 2147483647;
			files = (
			);
			runOnlyForDeploymentPostprocessing = 0;
		};
		A135140097191425564E8B3C /* Resources */ = {
			isa = PBXResourcesBuildPhase;
			buildActionMask = 2147483647;
			files = (
			);
			runOnlyForDeploymentPostprocessing = 0;
		};
		D5295F1A7309B01BF5A69485 /* Resources */ = {
			isa = PBXResourcesBuildPhase;
			buildActionMask = 2147483647;
			files = (
			);
			runOnlyForDeploymentPostprocessing = 0;
		};
/* End PBXResourcesBuildPhase section */

/* Begin PBXShellScriptBuildPhase section */
		0E623827627D6612493936FF /* [CP] Check Pods Manifest.lock */ = {
			isa = PBXShellScriptBuildPhase;
			buildActionMask = 2147483647;
			files = (
			);
			inputFileListPaths = (
			);
			inputPaths = (
				"${PODS_PODFILE_DIR_PATH}/Podfile.lock",
				"${PODS_ROOT}/Manifest.lock",
			);
			name = "[CP] Check Pods Manifest.lock";
			outputFileListPaths = (
			);
			outputPaths = (
				"$(DERIVED_FILE_DIR)/Pods-App-osx-checkManifestLockResult.txt",
			);
			runOnlyForDeploymentPostprocessing = 0;
			shellPath = /bin/sh;
			shellScript = "diff \"${PODS_PODFILE_DIR_PATH}/Podfile.lock\" \"${PODS_ROOT}/Manifest.lock\" > /dev/null\nif [ $? != 0 ] ; then\n    # print error to STDERR\n    echo \"error: The sandbox is not in sync with the Podfile.lock. Run 'pod install' or update your CocoaPods installation.\" >&2\n    exit 1\nfi\n# This output is used by Xcode 'outputs' to avoid re-running this script phase.\necho \"SUCCESS\" > \"${SCRIPT_OUTPUT_FILE_0}\"\n";
			showEnvVarsInLog = 0;
		};
		1308E50E3741EEAAF1A2E4CE /* [CP] Check Pods Manifest.lock */ = {
			isa = PBXShellScriptBuildPhase;
			buildActionMask = 2147483647;
			files = (
			);
			inputFileListPaths = (
			);
			inputPaths = (
				"${PODS_PODFILE_DIR_PATH}/Podfile.lock",
				"${PODS_ROOT}/Manifest.lock",
			);
			name = "[CP] Check Pods Manifest.lock";
			outputFileListPaths = (
			);
			outputPaths = (
				"$(DERIVED_FILE_DIR)/Pods-App-tvos-checkManifestLockResult.txt",
			);
			runOnlyForDeploymentPostprocessing = 0;
			shellPath = /bin/sh;
			shellScript = "diff \"${PODS_PODFILE_DIR_PATH}/Podfile.lock\" \"${PODS_ROOT}/Manifest.lock\" > /dev/null\nif [ $? != 0 ] ; then\n    # print error to STDERR\n    echo \"error: The sandbox is not in sync with the Podfile.lock. Run 'pod install' or update your CocoaPods installation.\" >&2\n    exit 1\nfi\n# This output is used by Xcode 'outputs' to avoid re-running this script phase.\necho \"SUCCESS\" > \"${SCRIPT_OUTPUT_FILE_0}\"\n";
			showEnvVarsInLog = 0;
		};
		50D34C41A842C71C16367CA4 /* [CP] Embed Pods Frameworks */ = {
			isa = PBXShellScriptBuildPhase;
			buildActionMask = 2147483647;
			files = (
			);
			inputPaths = (
				"${PODS_ROOT}/Target Support Files/Pods-App-tvos/Pods-App-tvos-frameworks.sh",
				"${BUILT_PRODUCTS_DIR}/AFNetworking-tvOS/AFNetworking.framework",
			);
			name = "[CP] Embed Pods Frameworks";
			outputPaths = (
				"${TARGET_BUILD_DIR}/${FRAMEWORKS_FOLDER_PATH}/AFNetworking.framework",
			);
			runOnlyForDeploymentPostprocessing = 0;
			shellPath = /bin/sh;
			shellScript = "\"${PODS_ROOT}/Target Support Files/Pods-App-tvos/Pods-App-tvos-frameworks.sh\"\n";
			showEnvVarsInLog = 0;
		};
		6016A20AC91DAA872D73905A /* [CP] Check Pods Manifest.lock */ = {
			isa = PBXShellScriptBuildPhase;
			buildActionMask = 2147483647;
			files = (
			);
			inputFileListPaths = (
			);
			inputPaths = (
				"${PODS_PODFILE_DIR_PATH}/Podfile.lock",
				"${PODS_ROOT}/Manifest.lock",
			);
			name = "[CP] Check Pods Manifest.lock";
			outputFileListPaths = (
			);
			outputPaths = (
				"$(DERIVED_FILE_DIR)/Pods-App-ios-checkManifestLockResult.txt",
			);
			runOnlyForDeploymentPostprocessing = 0;
			shellPath = /bin/sh;
			shellScript = "diff \"${PODS_PODFILE_DIR_PATH}/Podfile.lock\" \"${PODS_ROOT}/Manifest.lock\" > /dev/null\nif [ $? != 0 ] ; then\n    # print error to STDERR\n    echo \"error: The sandbox is not in sync with the Podfile.lock. Run 'pod install' or update your CocoaPods installation.\" >&2\n    exit 1\nfi\n# This output is used by Xcode 'outputs' to avoid re-running this script phase.\necho \"SUCCESS\" > \"${SCRIPT_OUTPUT_FILE_0}\"\n";
			showEnvVarsInLog = 0;
		};
		B741BD4B8D1827B5881EC2F7 /* [CP] Embed Pods Frameworks */ = {
			isa = PBXShellScriptBuildPhase;
			buildActionMask = 2147483647;
			files = (
			);
			inputPaths = (
				"${PODS_ROOT}/Target Support Files/Pods-App-watchos/Pods-App-watchos-frameworks.sh",
				"${BUILT_PRODUCTS_DIR}/AFNetworking.root-NSURLSession-Security-Serialization/AFNetworking.framework",
			);
			name = "[CP] Embed Pods Frameworks";
			outputPaths = (
				"${TARGET_BUILD_DIR}/${FRAMEWORKS_FOLDER_PATH}/AFNetworking.framework",
			);
			runOnlyForDeploymentPostprocessing = 0;
			shellPath = /bin/sh;
			shellScript = "\"${PODS_ROOT}/Target Support Files/Pods-App-watchos/Pods-App-watchos-frameworks.sh\"\n";
			showEnvVarsInLog = 0;
		};
		EFE360B79559ABB02D7CE138 /* [CP] Check Pods Manifest.lock */ = {
			isa = PBXShellScriptBuildPhase;
			buildActionMask = 2147483647;
			files = (
			);
			inputFileListPaths = (
			);
			inputPaths = (
				"${PODS_PODFILE_DIR_PATH}/Podfile.lock",
				"${PODS_ROOT}/Manifest.lock",
			);
			name = "[CP] Check Pods Manifest.lock";
			outputFileListPaths = (
			);
			outputPaths = (
				"$(DERIVED_FILE_DIR)/Pods-App-watchos-checkManifestLockResult.txt",
			);
			runOnlyForDeploymentPostprocessing = 0;
			shellPath = /bin/sh;
			shellScript = "diff \"${PODS_PODFILE_DIR_PATH}/Podfile.lock\" \"${PODS_ROOT}/Manifest.lock\" > /dev/null\nif [ $? != 0 ] ; then\n    # print error to STDERR\n    echo \"error: The sandbox is not in sync with the Podfile.lock. Run 'pod install' or update your CocoaPods installation.\" >&2\n    exit 1\nfi\n# This output is used by Xcode 'outputs' to avoid re-running this script phase.\necho \"SUCCESS\" > \"${SCRIPT_OUTPUT_FILE_0}\"\n";
			showEnvVarsInLog = 0;
		};
		F2C2E14602748945FF3D7849 /* [CP] Embed Pods Frameworks */ = {
			isa = PBXShellScriptBuildPhase;
			buildActionMask = 2147483647;
			files = (
			);
			inputPaths = (
				"${PODS_ROOT}/Target Support Files/Pods-App-osx/Pods-App-osx-frameworks.sh",
				"${BUILT_PRODUCTS_DIR}/AFNetworking-c94d3492/AFNetworking.framework",
			);
			name = "[CP] Embed Pods Frameworks";
			outputPaths = (
				"${TARGET_BUILD_DIR}/${FRAMEWORKS_FOLDER_PATH}/AFNetworking.framework",
			);
			runOnlyForDeploymentPostprocessing = 0;
			shellPath = /bin/sh;
			shellScript = "\"${PODS_ROOT}/Target Support Files/Pods-App-osx/Pods-App-osx-frameworks.sh\"\n";
			showEnvVarsInLog = 0;
		};
		FC1C979C5F0E2FA3769C2358 /* [CP] Embed Pods Frameworks */ = {
			isa = PBXShellScriptBuildPhase;
			buildActionMask = 2147483647;
			files = (
			);
			inputPaths = (
				"${PODS_ROOT}/Target Support Files/Pods-App-ios/Pods-App-ios-frameworks.sh",
				"${BUILT_PRODUCTS_DIR}/AFNetworking-iOS/AFNetworking.framework",
			);
			name = "[CP] Embed Pods Frameworks";
			outputPaths = (
				"${TARGET_BUILD_DIR}/${FRAMEWORKS_FOLDER_PATH}/AFNetworking.framework",
			);
			runOnlyForDeploymentPostprocessing = 0;
			shellPath = /bin/sh;
			shellScript = "\"${PODS_ROOT}/Target Support Files/Pods-App-ios/Pods-App-ios-frameworks.sh\"\n";
			showEnvVarsInLog = 0;
		};
/* End PBXShellScriptBuildPhase section */

/* Begin PBXSourcesBuildPhase section */
		0BB50013C56AD22A6A777A9E /* Sources */ = {
			isa = PBXSourcesBuildPhase;
			buildActionMask = 2147483647;
			files = (
			);
			runOnlyForDeploymentPostprocessing = 0;
		};
		277FD968215730FAE359690D /* Sources */ = {
			isa = PBXSourcesBuildPhase;
			buildActionMask = 2147483647;
			files = (
			);
			runOnlyForDeploymentPostprocessing = 0;
		};
		445560125C40725BD769F510 /* Sources */ = {
			isa = PBXSourcesBuildPhase;
			buildActionMask = 2147483647;
			files = (
			);
			runOnlyForDeploymentPostprocessing = 0;
		};
		DBE3D6BDAD1119DA08088327 /* Sources */ = {
			isa = PBXSourcesBuildPhase;
			buildActionMask = 2147483647;
			files = (
				67CBF0E0FB1C38C2778E83A8 /* main.m in Sources */,
				42B511B36540587DF12C44E6 /* main.m in Sources */,
				F96701DD2F20FC406FB7E5B8 /* main.m in Sources */,
				7E5CA312A1CE76D5CF3A0757 /* main.m in Sources */,
			);
			runOnlyForDeploymentPostprocessing = 0;
		};
/* End PBXSourcesBuildPhase section */

/* Begin XCBuildConfiguration section */
		2CE8068340364214C01D78B2 /* Release */ = {
			isa = XCBuildConfiguration;
			baseConfigurationReference = B7354F30AAD52B3B6CB84595 /* Pods-App-osx.release.xcconfig */;
			buildSettings = {
				ASSETCATALOG_COMPILER_GLOBAL_ACCENT_COLOR_NAME = AccentColor;
				CLANG_ENABLE_OBJC_WEAK = NO;
				COMBINE_HIDPI_IMAGES = YES;
				INFOPLIST_FILE = "$(SRCROOT)/App/App-osx-Info.plist";
				LD_RUNPATH_SEARCH_PATHS = "$(inherited) @executable_path/../Frameworks";
				MACOSX_DEPLOYMENT_TARGET = 10.10;
				PRODUCT_BUNDLE_IDENTIFIER = "org.cocoapods.${PRODUCT_NAME:rfc1034identifier}";
				SDKROOT = macosx;
				SWIFT_VERSION = 4.0;
			};
			name = Release;
		};
		31E2FCBE2C04A9DB7B4EDFE0 /* Release */ = {
			isa = XCBuildConfiguration;
			baseConfigurationReference = 74D627D2D4DD0E9C5F1572F6 /* Pods-App-watchos.release.xcconfig */;
			buildSettings = {
				ASSETCATALOG_COMPILER_GLOBAL_ACCENT_COLOR_NAME = AccentColor;
				INFOPLIST_FILE = "$(SRCROOT)/App/App-watchos-Info.plist";
				PRODUCT_BUNDLE_IDENTIFIER = "org.cocoapods.${PRODUCT_NAME:rfc1034identifier}";
				SDKROOT = watchos;
				SKIP_INSTALL = YES;
				SWIFT_VERSION = 4.0;
				TARGETED_DEVICE_FAMILY = 4;
				VALIDATE_PRODUCT = YES;
				WATCHOS_DEPLOYMENT_TARGET = 2.0;
			};
			name = Release;
		};
		346A6B0F43CACA7C316FA8A2 /* Debug */ = {
			isa = XCBuildConfiguration;
			baseConfigurationReference = 54DC0AE7928FF5823A7BF408 /* Pods-App-osx.debug.xcconfig */;
			buildSettings = {
				ASSETCATALOG_COMPILER_GLOBAL_ACCENT_COLOR_NAME = AccentColor;
				CLANG_ENABLE_OBJC_WEAK = NO;
				COMBINE_HIDPI_IMAGES = YES;
				INFOPLIST_FILE = "$(SRCROOT)/App/App-osx-Info.plist";
				LD_RUNPATH_SEARCH_PATHS = "$(inherited) @executable_path/../Frameworks";
				MACOSX_DEPLOYMENT_TARGET = 10.10;
				PRODUCT_BUNDLE_IDENTIFIER = "org.cocoapods.${PRODUCT_NAME:rfc1034identifier}";
				SDKROOT = macosx;
				SWIFT_VERSION = 4.0;
			};
			name = Debug;
		};
		38C968FA44B7B75918AA3BF3 /* Release */ = {
			isa = XCBuildConfiguration;
			buildSettings = {
				ALWAYS_SEARCH_USER_PATHS = NO;
				CLANG_ANALYZER_NONNULL = YES;
				CLANG_ANALYZER_NUMBER_OBJECT_CONVERSION = YES_AGGRESSIVE;
				CLANG_CXX_LANGUAGE_STANDARD = "gnu++14";
				CLANG_CXX_LIBRARY = "libc++";
				CLANG_ENABLE_MODULES = YES;
				CLANG_ENABLE_OBJC_ARC = YES;
				CLANG_ENABLE_OBJC_WEAK = YES;
				CLANG_WARN_BLOCK_CAPTURE_AUTORELEASING = YES;
				CLANG_WARN_BOOL_CONVERSION = YES;
				CLANG_WARN_COMMA = YES;
				CLANG_WARN_CONSTANT_CONVERSION = YES;
				CLANG_WARN_DEPRECATED_OBJC_IMPLEMENTATIONS = YES;
				CLANG_WARN_DIRECT_OBJC_ISA_USAGE = YES_ERROR;
				CLANG_WARN_DOCUMENTATION_COMMENTS = YES;
				CLANG_WARN_EMPTY_BODY = YES;
				CLANG_WARN_ENUM_CONVERSION = YES;
				CLANG_WARN_INFINITE_RECURSION = YES;
				CLANG_WARN_INT_CONVERSION = YES;
				CLANG_WARN_NON_LITERAL_NULL_CONVERSION = YES;
				CLANG_WARN_OBJC_IMPLICIT_RETAIN_SELF = YES;
				CLANG_WARN_OBJC_LITERAL_CONVERSION = YES;
				CLANG_WARN_OBJC_ROOT_CLASS = YES_ERROR;
				CLANG_WARN_QUOTED_INCLUDE_IN_FRAMEWORK_HEADER = YES;
				CLANG_WARN_RANGE_LOOP_ANALYSIS = YES;
				CLANG_WARN_STRICT_PROTOTYPES = YES;
				CLANG_WARN_SUSPICIOUS_MOVE = YES;
				CLANG_WARN_UNGUARDED_AVAILABILITY = YES_AGGRESSIVE;
				CLANG_WARN_UNREACHABLE_CODE = YES;
				CLANG_WARN__DUPLICATE_METHOD_MATCH = YES;
				COPY_PHASE_STRIP = NO;
				DEBUG_INFORMATION_FORMAT = "dwarf-with-dsym";
				ENABLE_NS_ASSERTIONS = NO;
				ENABLE_STRICT_OBJC_MSGSEND = YES;
				GCC_C_LANGUAGE_STANDARD = gnu11;
				GCC_NO_COMMON_BLOCKS = YES;
				GCC_WARN_64_TO_32_BIT_CONVERSION = YES;
				GCC_WARN_ABOUT_RETURN_TYPE = YES_ERROR;
				GCC_WARN_UNDECLARED_SELECTOR = YES;
				GCC_WARN_UNINITIALIZED_AUTOS = YES_AGGRESSIVE;
				GCC_WARN_UNUSED_FUNCTION = YES;
				GCC_WARN_UNUSED_VARIABLE = YES;
				MTL_ENABLE_DEBUG_INFO = NO;
				MTL_FAST_MATH = YES;
				PRODUCT_NAME = "$(TARGET_NAME)";
				SWIFT_COMPILATION_MODE = wholemodule;
				SWIFT_OPTIMIZATION_LEVEL = "-O";
				SWIFT_VERSION = 5.0;
			};
			name = Release;
		};
		5D55384257FD81244A29562F /* Debug */ = {
			isa = XCBuildConfiguration;
			baseConfigurationReference = 3F382A7E44464E76EF421F67 /* Pods-App-tvos.debug.xcconfig */;
			buildSettings = {
				ASSETCATALOG_COMPILER_GLOBAL_ACCENT_COLOR_NAME = AccentColor;
				INFOPLIST_FILE = "$(SRCROOT)/App/App-tvos-Info.plist";
				LD_RUNPATH_SEARCH_PATHS = "$(inherited) @executable_path/Frameworks";
				PRODUCT_BUNDLE_IDENTIFIER = "org.cocoapods.${PRODUCT_NAME:rfc1034identifier}";
				SDKROOT = appletvos;
				SWIFT_VERSION = 4.0;
				TARGETED_DEVICE_FAMILY = 3;
				TVOS_DEPLOYMENT_TARGET = 9.0;
			};
			name = Debug;
		};
		A379CBD85C56F1BBD0C7CE3C /* Release */ = {
			isa = XCBuildConfiguration;
			baseConfigurationReference = B67F61B72C575FF2B2201E38 /* Pods-App-ios.release.xcconfig */;
			buildSettings = {
				ASSETCATALOG_COMPILER_GLOBAL_ACCENT_COLOR_NAME = AccentColor;
				INFOPLIST_FILE = "$(SRCROOT)/App/App-ios-Info.plist";
				IPHONEOS_DEPLOYMENT_TARGET = 9.0;
				LD_RUNPATH_SEARCH_PATHS = "$(inherited) @executable_path/Frameworks";
				PRODUCT_BUNDLE_IDENTIFIER = "org.cocoapods.${PRODUCT_NAME:rfc1034identifier}";
				SDKROOT = iphoneos;
				SWIFT_VERSION = 4.0;
				TARGETED_DEVICE_FAMILY = "1,2";
				VALIDATE_PRODUCT = YES;
			};
			name = Release;
		};
		A5AE67DECE84724C560653B5 /* Debug */ = {
			isa = XCBuildConfiguration;
			buildSettings = {
				ALWAYS_SEARCH_USER_PATHS = NO;
				CLANG_ANALYZER_NONNULL = YES;
				CLANG_ANALYZER_NUMBER_OBJECT_CONVERSION = YES_AGGRESSIVE;
				CLANG_CXX_LANGUAGE_STANDARD = "gnu++14";
				CLANG_CXX_LIBRARY = "libc++";
				CLANG_ENABLE_MODULES = YES;
				CLANG_ENABLE_OBJC_ARC = YES;
				CLANG_ENABLE_OBJC_WEAK = YES;
				CLANG_WARN_BLOCK_CAPTURE_AUTORELEASING = YES;
				CLANG_WARN_BOOL_CONVERSION = YES;
				CLANG_WARN_COMMA = YES;
				CLANG_WARN_CONSTANT_CONVERSION = YES;
				CLANG_WARN_DEPRECATED_OBJC_IMPLEMENTATIONS = YES;
				CLANG_WARN_DIRECT_OBJC_ISA_USAGE = YES_ERROR;
				CLANG_WARN_DOCUMENTATION_COMMENTS = YES;
				CLANG_WARN_EMPTY_BODY = YES;
				CLANG_WARN_ENUM_CONVERSION = YES;
				CLANG_WARN_INFINITE_RECURSION = YES;
				CLANG_WARN_INT_CONVERSION = YES;
				CLANG_WARN_NON_LITERAL_NULL_CONVERSION = YES;
				CLANG_WARN_OBJC_IMPLICIT_RETAIN_SELF = YES;
				CLANG_WARN_OBJC_LITERAL_CONVERSION = YES;
				CLANG_WARN_OBJC_ROOT_CLASS = YES_ERROR;
				CLANG_WARN_QUOTED_INCLUDE_IN_FRAMEWORK_HEADER = YES;
				CLANG_WARN_RANGE_LOOP_ANALYSIS = YES;
				CLANG_WARN_STRICT_PROTOTYPES = YES;
				CLANG_WARN_SUSPICIOUS_MOVE = YES;
				CLANG_WARN_UNGUARDED_AVAILABILITY = YES_AGGRESSIVE;
				CLANG_WARN_UNREACHABLE_CODE = YES;
				CLANG_WARN__DUPLICATE_METHOD_MATCH = YES;
				COPY_PHASE_STRIP = NO;
				DEBUG_INFORMATION_FORMAT = dwarf;
				ENABLE_STRICT_OBJC_MSGSEND = YES;
				ENABLE_TESTABILITY = YES;
				GCC_C_LANGUAGE_STANDARD = gnu11;
				GCC_DYNAMIC_NO_PIC = NO;
				GCC_NO_COMMON_BLOCKS = YES;
				GCC_OPTIMIZATION_LEVEL = 0;
				GCC_PREPROCESSOR_DEFINITIONS = (
					"DEBUG=1",
					"$(inherited)",
				);
				GCC_WARN_64_TO_32_BIT_CONVERSION = YES;
				GCC_WARN_ABOUT_RETURN_TYPE = YES_ERROR;
				GCC_WARN_UNDECLARED_SELECTOR = YES;
				GCC_WARN_UNINITIALIZED_AUTOS = YES_AGGRESSIVE;
				GCC_WARN_UNUSED_FUNCTION = YES;
				GCC_WARN_UNUSED_VARIABLE = YES;
				MTL_ENABLE_DEBUG_INFO = INCLUDE_SOURCE;
				MTL_FAST_MATH = YES;
				ONLY_ACTIVE_ARCH = YES;
				PRODUCT_NAME = "$(TARGET_NAME)";
				SWIFT_ACTIVE_COMPILATION_CONDITIONS = DEBUG;
				SWIFT_OPTIMIZATION_LEVEL = "-Onone";
				SWIFT_VERSION = 5.0;
			};
			name = Debug;
		};
		B6A53081D096576048085430 /* Debug */ = {
			isa = XCBuildConfiguration;
			baseConfigurationReference = 91893234128C8767942CC77A /* Pods-App-ios.debug.xcconfig */;
			buildSettings = {
				ASSETCATALOG_COMPILER_GLOBAL_ACCENT_COLOR_NAME = AccentColor;
				INFOPLIST_FILE = "$(SRCROOT)/App/App-ios-Info.plist";
				IPHONEOS_DEPLOYMENT_TARGET = 9.0;
				LD_RUNPATH_SEARCH_PATHS = "$(inherited) @executable_path/Frameworks";
				PRODUCT_BUNDLE_IDENTIFIER = "org.cocoapods.${PRODUCT_NAME:rfc1034identifier}";
				SDKROOT = iphoneos;
				SWIFT_VERSION = 4.0;
				TARGETED_DEVICE_FAMILY = "1,2";
			};
			name = Debug;
		};
		E8160466F07A0C18F1114347 /* Debug */ = {
			isa = XCBuildConfiguration;
			baseConfigurationReference = D2323D68957255C671880536 /* Pods-App-watchos.debug.xcconfig */;
			buildSettings = {
				ASSETCATALOG_COMPILER_GLOBAL_ACCENT_COLOR_NAME = AccentColor;
				INFOPLIST_FILE = "$(SRCROOT)/App/App-watchos-Info.plist";
				PRODUCT_BUNDLE_IDENTIFIER = "org.cocoapods.${PRODUCT_NAME:rfc1034identifier}";
				SDKROOT = watchos;
				SKIP_INSTALL = YES;
				SWIFT_VERSION = 4.0;
				TARGETED_DEVICE_FAMILY = 4;
				WATCHOS_DEPLOYMENT_TARGET = 2.0;
			};
			name = Debug;
		};
		FDA91690B967216CD5855B50 /* Release */ = {
			isa = XCBuildConfiguration;
			baseConfigurationReference = AB037A08253D283788ECAE14 /* Pods-App-tvos.release.xcconfig */;
			buildSettings = {
				ASSETCATALOG_COMPILER_GLOBAL_ACCENT_COLOR_NAME = AccentColor;
				INFOPLIST_FILE = "$(SRCROOT)/App/App-tvos-Info.plist";
				LD_RUNPATH_SEARCH_PATHS = "$(inherited) @executable_path/Frameworks";
				PRODUCT_BUNDLE_IDENTIFIER = "org.cocoapods.${PRODUCT_NAME:rfc1034identifier}";
				SDKROOT = appletvos;
				SWIFT_VERSION = 4.0;
				TARGETED_DEVICE_FAMILY = 3;
				TVOS_DEPLOYMENT_TARGET = 9.0;
				VALIDATE_PRODUCT = YES;
			};
			name = Release;
		};
/* End XCBuildConfiguration section */

/* Begin XCConfigurationList section */
		20E5422DAC5B19DA2062AF91 /* Build configuration list for PBXProject "App" */ = {
			isa = XCConfigurationList;
			buildConfigurations = (
				A5AE67DECE84724C560653B5 /* Debug */,
				38C968FA44B7B75918AA3BF3 /* Release */,
			);
			defaultConfigurationIsVisible = 0;
			defaultConfigurationName = Release;
		};
		52256927117457CB05F3249E /* Build configuration list for PBXNativeTarget "App-tvos" */ = {
			isa = XCConfigurationList;
			buildConfigurations = (
				FDA91690B967216CD5855B50 /* Release */,
				5D55384257FD81244A29562F /* Debug */,
			);
			defaultConfigurationIsVisible = 0;
			defaultConfigurationName = Release;
		};
		664EF8E8FC13325E2AF44B2F /* Build configuration list for PBXNativeTarget "App-ios" */ = {
			isa = XCConfigurationList;
			buildConfigurations = (
				A379CBD85C56F1BBD0C7CE3C /* Release */,
				B6A53081D096576048085430 /* Debug */,
			);
			defaultConfigurationIsVisible = 0;
			defaultConfigurationName = Release;
		};
		CB59B54A7CE49C8547171B86 /* Build configuration list for PBXNativeTarget "App-watchos" */ = {
			isa = XCConfigurationList;
			buildConfigurations = (
				31E2FCBE2C04A9DB7B4EDFE0 /* Release */,
				E8160466F07A0C18F1114347 /* Debug */,
			);
			defaultConfigurationIsVisible = 0;
			defaultConfigurationName = Release;
		};
		CEE15F974D5C0961BD8CDA0A /* Build configuration list for PBXNativeTarget "App-osx" */ = {
			isa = XCConfigurationList;
			buildConfigurations = (
				2CE8068340364214C01D78B2 /* Release */,
				346A6B0F43CACA7C316FA8A2 /* Debug */,
			);
			defaultConfigurationIsVisible = 0;
			defaultConfigurationName = Release;
		};
/* End XCConfigurationList section */
	};
	rootObject = 3964FA6E9BD3CE2618E49F0C /* Project object */;
}
