PODS:
  - AFNetworking (4.0.1):
    - AFNetworking/NSURLSession (= 4.0.1)
    - AFNetworking/Reachability (= 4.0.1)
    - AFNetworking/Security (= 4.0.1)
    - AFNetworking/Serialization (= 4.0.1)
    - AFNetworking/UIKit (= 4.0.1)
  - AFNetworking/NSURLSession (4.0.1):
    - AFNetworking/Reachability
    - AFNetworking/Security
    - AFNetworking/Serialization
  - AFNetworking/Reachability (4.0.1)
  - AFNetworking/Security (4.0.1)
  - AFNetworking/Serialization (4.0.1)
  - AFNetworking/UIKit (4.0.1):
    - AFNetworking/NSURLSession

DEPENDENCIES:
  - AFNetworking (from `/Users/ws/Documents/MyLib/cocoapods-project-gen/spec/cocoapods/Resources/AFNetworking-master/AFNetworking.podspec`)

EXTERNAL SOURCES:
  AFNetworking:
    :podspec: "/Users/ws/Documents/MyLib/cocoapods-project-gen/spec/cocoapods/Resources/AFNetworking-master/AFNetworking.podspec"

SPEC CHECKSUMS:
  AFNetworking: 7864c38297c79aaca1500c33288e429c3451fdce

COCOAPODS: 1.11.3
